#MicroXplorer Configuration settings - do not modify
Mcu.Family=STM32F1
PA6.GPIOParameters=GPIO_PuPd,GPIO_Label,GPIO_ModeDefaultEXTI
ProjectManager.MainLocation=Core/Src
PA2.GPIO_PuPd=GPIO_PULLUP
NVIC.EXTI4_IRQn=true\:2\:0\:true\:false\:true\:true\:true
SH.GPXTI5.0=GPIO_EXTI5
ProjectManager.ProjectFileName=RF_Trasmit.ioc
PA5.GPIO_ModeDefaultEXTI=GPIO_MODE_IT_FALLING
PA6.GPIO_ModeDefaultEXTI=GPIO_MODE_IT_FALLING
PD1-OSC_OUT.Mode=HSE-External-Oscillator
ProjectManager.KeepUserCode=true
Mcu.UserName=STM32F103C8Tx
Mcu.PinsNb=14
ProjectManager.NoMain=false
TIM1.IPParameters=Channel-Output Compare1 No Output,Prescaler,Period
RCC.PLLCLKFreq_Value=8000000
PC13-TAMPER-RTC.GPIOParameters=GPIO_PuPd
TIM1.Channel-Output\ Compare1\ No\ Output=TIM_CHANNEL_1
PA3.GPIO_PuPd=GPIO_PULLUP
ProjectManager.functionlistsort=1-MX_GPIO_Init-GPIO-false-HAL-true,2-SystemClock_Config-RCC-false-HAL-false,3-MX_TIM1_Init-TIM1-false-HAL-true
NVIC.EXTI3_IRQn=true\:2\:0\:true\:false\:true\:true\:true
PC13-TAMPER-RTC.Signal=GPIO_Output
PA3.GPIOParameters=GPIO_PuPd,GPIO_Label,GPIO_ModeDefaultEXTI
ProjectManager.DefaultFWLocation=true
PA6.GPIO_Label=Button5
PD0-OSC_IN.Signal=RCC_OSC_IN
ProjectManager.DeletePrevious=true
PA2.GPIOParameters=GPIO_PuPd,GPIO_Label,GPIO_ModeDefaultEXTI
PinOutPanel.RotationAngle=0
RCC.FamilyName=M
ProjectManager.StackSize=0x400
VP_TIM1_VS_no_output1.Mode=Output Compare1 No Output
SH.GPXTI2.0=GPIO_EXTI2
PD1-OSC_OUT.Signal=RCC_OSC_OUT
PA3.GPIO_ModeDefaultEXTI=GPIO_MODE_IT_FALLING
SH.GPXTI6.0=GPIO_EXTI6
PA13.Signal=SYS_JTMS-SWDIO
SH.GPXTI6.ConfNb=1
NVIC.SVCall_IRQn=true\:0\:0\:false\:false\:true\:false\:false
Mcu.IP2=SYS
Mcu.IP3=TIM1
Mcu.IP0=NVIC
Mcu.IP1=RCC
SH.GPXTI3.ConfNb=1
TIM1.Prescaler=7
SH.GPXTI2.ConfNb=1
Mcu.UserConstants=
ProjectManager.TargetToolchain=MDK-ARM V5
Mcu.ThirdPartyNb=0
Mcu.IPNb=4
ProjectManager.PreviousToolchain=
VP_TIM1_VS_ClockSourceINT.Signal=TIM1_VS_ClockSourceINT
PA4.GPIO_ModeDefaultEXTI=GPIO_MODE_IT_FALLING
Mcu.Pin6=PA5
Mcu.Pin7=PA6
ProjectManager.RegisterCallBack=
PC13-TAMPER-RTC.Locked=true
Mcu.Pin8=PA13
Mcu.Pin9=PA14
Mcu.Pin0=PC13-TAMPER-RTC
Mcu.Pin1=PD0-OSC_IN
GPIO.groupedBy=Group By Peripherals
PD0-OSC_IN.Mode=HSE-External-Oscillator
Mcu.Pin2=PD1-OSC_OUT
Mcu.Pin3=PA2
Mcu.Pin4=PA3
Mcu.Pin5=PA4
PA5.Signal=GPXTI5
ProjectManager.ProjectBuild=false
NVIC.UsageFault_IRQn=true\:0\:0\:false\:false\:true\:false\:false
NVIC.DebugMonitor_IRQn=true\:0\:0\:false\:false\:true\:false\:false
PA4.GPIO_PuPd=GPIO_PULLUP
board=custom
PA4.Locked=true
SH.GPXTI3.0=GPIO_EXTI3
NVIC.SysTick_IRQn=true\:0\:0\:false\:false\:true\:false\:true
ProjectManager.LastFirmware=false
ProjectManager.FirmwarePackage=STM32Cube FW_F1 V1.8.3
MxDb.Version=DB.6.0.0
RCC.APB2Freq_Value=8000000
PA6.GPIO_PuPd=GPIO_PULLUP
PB3.GPIO_PuPd=GPIO_PULLDOWN
ProjectManager.BackupPrevious=false
VP_TIM1_VS_no_output1.Signal=TIM1_VS_no_output1
MxCube.Version=6.0.1
PA14.Mode=Serial_Wire
PA5.GPIO_PuPd=GPIO_PULLUP
File.Version=6
VP_SYS_VS_Systick.Mode=SysTick
PB3.GPIOParameters=GPIO_PuPd,GPIO_Label
NVIC.NonMaskableInt_IRQn=true\:0\:0\:false\:false\:true\:false\:false
PA4.GPIOParameters=GPIO_PuPd,GPIO_Label,GPIO_ModeDefaultEXTI
NVIC.PendSV_IRQn=true\:0\:0\:false\:false\:true\:false\:false
PA13.Mode=Serial_Wire
ProjectManager.FreePins=false
RCC.IPParameters=APB1Freq_Value,APB2Freq_Value,FamilyName,PLLCLKFreq_Value,PLLMCOFreq_Value,TimSysFreq_Value
ProjectManager.AskForMigrate=true
Mcu.Name=STM32F103C(8-B)Tx
ProjectManager.HalAssertFull=false
VP_TIM1_VS_ClockSourceINT.Mode=Internal
PA2.Signal=GPXTI2
ProjectManager.ProjectName=RF_Trasmit
ProjectManager.UnderRoot=false
NVIC.TIM1_CC_IRQn=true\:1\:0\:true\:false\:true\:true\:true
RCC.PLLMCOFreq_Value=4000000
ProjectManager.CoupleFile=false
PB3.Signal=GPIO_Output
PA4.Signal=GPXTI4
Mcu.Package=LQFP48
PA6.Signal=GPXTI6
RCC.TimSysFreq_Value=8000000
PA3.Locked=true
PA5.Locked=true
SH.GPXTI4.0=GPIO_EXTI4
PA5.GPIO_Label=Button4
NVIC.ForceEnableDMAVector=true
KeepUserPlacement=false
NVIC.MemoryManagement_IRQn=true\:0\:0\:false\:false\:true\:false\:false
PC13-TAMPER-RTC.GPIO_PuPd=GPIO_PULLDOWN
ProjectManager.CompilerOptimize=6
ProjectManager.ToolChainLocation=
PA2.GPIO_Label=Button1
VP_SYS_VS_Systick.Signal=SYS_VS_Systick
SH.GPXTI5.ConfNb=1
NVIC.EXTI9_5_IRQn=true\:2\:0\:true\:false\:true\:true\:true
PA14.Signal=SYS_JTCK-SWCLK
ProjectManager.HeapSize=0x200
NVIC.HardFault_IRQn=true\:0\:0\:false\:false\:true\:false\:false
SH.GPXTI4.ConfNb=1
PA5.GPIOParameters=GPIO_PuPd,GPIO_Label,GPIO_ModeDefaultEXTI
Mcu.Pin13=VP_TIM1_VS_no_output1
ProjectManager.ComputerToolchain=false
PA2.GPIO_ModeDefaultEXTI=GPIO_MODE_IT_FALLING
NVIC.PriorityGroup=NVIC_PRIORITYGROUP_4
Mcu.Pin11=VP_SYS_VS_Systick
Mcu.Pin12=VP_TIM1_VS_ClockSourceINT
NVIC.EXTI2_IRQn=true\:2\:0\:true\:false\:true\:true\:true
Mcu.Pin10=PB3
NVIC.BusFault_IRQn=true\:0\:0\:false\:false\:true\:false\:false
TIM1.Period=121
RCC.APB1Freq_Value=8000000
PA4.GPIO_Label=Button3
ProjectManager.CustomerFirmwarePackage=
ProjectManager.DeviceId=STM32F103C8Tx
ProjectManager.LibraryCopy=1
PB3.Locked=true
PA3.GPIO_Label=Button2
PA3.Signal=GPXTI3
PA2.Locked=true
PA6.Locked=true
PB3.GPIO_Label=VW_TX
